
Microsoft Visual Studio Solution File, Format Version 12.00
# Visual Studio Version 17
VisualStudioVersion = 17.6.33829.357
MinimumVisualStudioVersion = 10.0.40219.1
Project("{FAE04EC0-301F-11D3-BF4B-00C04F79EFBC}") = "AbstractFactoryDesignPattren", "AbstractFactoryDesignPattren.csproj", "{35359803-13DD-4D6F-98B2-D954F631D7D4}"
EndProject
Global
	GlobalSection(SolutionConfigurationPlatforms) = preSolution
		Debug|Any CPU = Debug|Any CPU
		Release|Any CPU = Release|Any CPU
	EndGlobalSection
	GlobalSection(ProjectConfigurationPlatforms) = postSolution
		{35359803-13DD-4D6F-98B2-D954F631D7D4}.Debug|Any CPU.ActiveCfg = Debug|Any CPU
		{35359803-13DD-4D6F-98B2-D954F631D7D4}.Debug|Any CPU.Build.0 = Debug|Any CPU
		{35359803-13DD-4D6F-98B2-D954F631D7D4}.Release|Any CPU.ActiveCfg = Release|Any CPU
		{35359803-13DD-4D6F-98B2-D954F631D7D4}.Release|Any CPU.Build.0 = Release|Any CPU
	EndGlobalSection
	GlobalSection(SolutionProperties) = preSolution
		HideSolutionNode = FALSE
	EndGlobalSection
	GlobalSection(ExtensibilityGlobals) = postSolution
		SolutionGuid = {50E34732-9FAD-4314-AF30-3E95F107604D}
	EndGlobalSection
EndGlobal
